
Microsoft Visual Studio Solution File, Format Version 12.00
# Visual Studio Version 17
VisualStudioVersion = 17.1.32319.34
MinimumVisualStudioVersion = 10.0.40219.1
Project("{FAE04EC0-301F-11D3-BF4B-00C04F79EFBC}") = "Hostinger", "Hostinger.csproj", "{8CC06A78-C7DF-40B4-9E64-A37866124A3A}"
EndProject
Global
	GlobalSection(SolutionConfigurationPlatforms) = preSolution
		Debug|Any CPU = Debug|Any CPU
		Release|Any CPU = Release|Any CPU
	EndGlobalSection
	GlobalSection(ProjectConfigurationPlatforms) = postSolution
		{8CC06A78-C7DF-40B4-9E64-A37866124A3A}.Debug|Any CPU.ActiveCfg = Debug|Any CPU
		{8CC06A78-C7DF-40B4-9E64-A37866124A3A}.Debug|Any CPU.Build.0 = Debug|Any CPU
		{8CC06A78-C7DF-40B4-9E64-A37866124A3A}.Release|Any CPU.ActiveCfg = Release|Any CPU
		{8CC06A78-C7DF-40B4-9E64-A37866124A3A}.Release|Any CPU.Build.0 = Release|Any CPU
	EndGlobalSection
	GlobalSection(SolutionProperties) = preSolution
		HideSolutionNode = FALSE
	EndGlobalSection
	GlobalSection(ExtensibilityGlobals) = postSolution
		SolutionGuid = {C30977AF-86E7-470E-AD86-84FEAF7EED04}
	EndGlobalSection
EndGlobal
